
Microsoft Visual Studio Solution File, Format Version 11.00
# Visual Studio 2010
VisualStudioVersion = 12.0.31101.0
MinimumVisualStudioVersion = 10.0.40219.1
Project("{FAE04EC0-301F-11D3-BF4B-00C04F79EFBC}") = "SintaxisArreglos2", "SintaxisArreglos2\SintaxisArreglos2.csproj", "{B16749B5-78C0-4CD4-877C-FBA1E4E869EF}"
EndProject
Global
	GlobalSection(SolutionConfigurationPlatforms) = preSolution
		Debug|Any CPU = Debug|Any CPU
		Release|Any CPU = Release|Any CPU
	EndGlobalSection
	GlobalSection(ProjectConfigurationPlatforms) = postSolution
		{B16749B5-78C0-4CD4-877C-FBA1E4E869EF}.Debug|Any CPU.ActiveCfg = Debug|Any CPU
		{B16749B5-78C0-4CD4-877C-FBA1E4E869EF}.Debug|Any CPU.Build.0 = Debug|Any CPU
		{B16749B5-78C0-4CD4-877C-FBA1E4E869EF}.Release|Any CPU.ActiveCfg = Release|Any CPU
		{B16749B5-78C0-4CD4-877C-FBA1E4E869EF}.Release|Any CPU.Build.0 = Release|Any CPU
	EndGlobalSection
	GlobalSection(SolutionProperties) = preSolution
		HideSolutionNode = FALSE
	EndGlobalSection
EndGlobal
