
Microsoft Visual Studio Solution File, Format Version 11.00
# Visual Studio 2010
VisualStudioVersion = 12.0.31101.0
MinimumVisualStudioVersion = 10.0.40219.1
Project("{FAE04EC0-301F-11D3-BF4B-00C04F79EFBC}") = "ClaseArray", "ClaseArray\ClaseArray.csproj", "{F221EA85-DDB9-4D1B-AAB7-0327D37BC1D0}"
EndProject
Global
	GlobalSection(SolutionConfigurationPlatforms) = preSolution
		Debug|Any CPU = Debug|Any CPU
		Release|Any CPU = Release|Any CPU
	EndGlobalSection
	GlobalSection(ProjectConfigurationPlatforms) = postSolution
		{F221EA85-DDB9-4D1B-AAB7-0327D37BC1D0}.Debug|Any CPU.ActiveCfg = Debug|Any CPU
		{F221EA85-DDB9-4D1B-AAB7-0327D37BC1D0}.Debug|Any CPU.Build.0 = Debug|Any CPU
		{F221EA85-DDB9-4D1B-AAB7-0327D37BC1D0}.Release|Any CPU.ActiveCfg = Release|Any CPU
		{F221EA85-DDB9-4D1B-AAB7-0327D37BC1D0}.Release|Any CPU.Build.0 = Release|Any CPU
	EndGlobalSection
	GlobalSection(SolutionProperties) = preSolution
		HideSolutionNode = FALSE
	EndGlobalSection
EndGlobal
