
Microsoft Visual Studio Solution File, Format Version 11.00
# Visual Studio 2010
Project("{FAE04EC0-301F-11D3-BF4B-00C04F79EFBC}") = "Estructuras", "Estructuras\Estructuras.csproj", "{1C02166F-2576-4F6E-BABC-12DB993B0461}"
EndProject
Global
	GlobalSection(SolutionConfigurationPlatforms) = preSolution
		Debug|x86 = Debug|x86
		Release|x86 = Release|x86
	EndGlobalSection
	GlobalSection(ProjectConfigurationPlatforms) = postSolution
		{1C02166F-2576-4F6E-BABC-12DB993B0461}.Debug|x86.ActiveCfg = Debug|x86
		{1C02166F-2576-4F6E-BABC-12DB993B0461}.Debug|x86.Build.0 = Debug|x86
		{1C02166F-2576-4F6E-BABC-12DB993B0461}.Release|x86.ActiveCfg = Release|x86
		{1C02166F-2576-4F6E-BABC-12DB993B0461}.Release|x86.Build.0 = Release|x86
	EndGlobalSection
	GlobalSection(SolutionProperties) = preSolution
		HideSolutionNode = FALSE
	EndGlobalSection
EndGlobal
