
Microsoft Visual Studio Solution File, Format Version 11.00
# Visual Studio 2010
VisualStudioVersion = 12.0.31101.0
MinimumVisualStudioVersion = 10.0.40219.1
Project("{FAE04EC0-301F-11D3-BF4B-00C04F79EFBC}") = "UsoStringBuilder", "UsoStringBuilder\UsoStringBuilder.csproj", "{1083A148-7522-441B-83FB-A6F52E5E4ECE}"
EndProject
Global
	GlobalSection(SolutionConfigurationPlatforms) = preSolution
		Debug|Any CPU = Debug|Any CPU
		Release|Any CPU = Release|Any CPU
	EndGlobalSection
	GlobalSection(ProjectConfigurationPlatforms) = postSolution
		{1083A148-7522-441B-83FB-A6F52E5E4ECE}.Debug|Any CPU.ActiveCfg = Debug|Any CPU
		{1083A148-7522-441B-83FB-A6F52E5E4ECE}.Debug|Any CPU.Build.0 = Debug|Any CPU
		{1083A148-7522-441B-83FB-A6F52E5E4ECE}.Release|Any CPU.ActiveCfg = Release|Any CPU
		{1083A148-7522-441B-83FB-A6F52E5E4ECE}.Release|Any CPU.Build.0 = Release|Any CPU
	EndGlobalSection
	GlobalSection(SolutionProperties) = preSolution
		HideSolutionNode = FALSE
	EndGlobalSection
EndGlobal
